
Microsoft Visual Studio Solution File, Format Version 12.00
# Visual Studio Version 17
VisualStudioVersion = 17.2.32630.192
MinimumVisualStudioVersion = 10.0.40219.1
Project("{8BC9CEB8-8B4A-11D0-8D11-00A0C91BC942}") = "learn cpp", "learn cpp.vcxproj", "{36484471-3BF5-4992-9DB6-924E4E07F3E2}"
EndProject
Global
	GlobalSection(SolutionConfigurationPlatforms) = preSolution
		Debug|x64 = Debug|x64
		Debug|x86 = Debug|x86
		Release|x64 = Release|x64
		Release|x86 = Release|x86
	EndGlobalSection
	GlobalSection(ProjectConfigurationPlatforms) = postSolution
		{36484471-3BF5-4992-9DB6-924E4E07F3E2}.Debug|x64.ActiveCfg = Debug|x64
		{36484471-3BF5-4992-9DB6-924E4E07F3E2}.Debug|x64.Build.0 = Debug|x64
		{36484471-3BF5-4992-9DB6-924E4E07F3E2}.Debug|x86.ActiveCfg = Debug|Win32
		{36484471-3BF5-4992-9DB6-924E4E07F3E2}.Debug|x86.Build.0 = Debug|Win32
		{36484471-3BF5-4992-9DB6-924E4E07F3E2}.Release|x64.ActiveCfg = Release|x64
		{36484471-3BF5-4992-9DB6-924E4E07F3E2}.Release|x64.Build.0 = Release|x64
		{36484471-3BF5-4992-9DB6-924E4E07F3E2}.Release|x86.ActiveCfg = Release|Win32
		{36484471-3BF5-4992-9DB6-924E4E07F3E2}.Release|x86.Build.0 = Release|Win32
	EndGlobalSection
	GlobalSection(SolutionProperties) = preSolution
		HideSolutionNode = FALSE
	EndGlobalSection
	GlobalSection(ExtensibilityGlobals) = postSolution
		SolutionGuid = {7EF1BE29-4C9B-4AA2-99CD-4C7EE9F25521}
	EndGlobalSection
EndGlobal
